// !$*UTF8*$!
{
	archiveVersion = 1;
	classes = {
	};
	objectVersion = 50;
	objects = {

/* Begin PBXBuildFile section */
		3A0C462A25D2F8CE009C7FBC /* EditItemView.swift in Sources */ = {isa = PBXBuildFile; fileRef = 3A0C462925D2F8CE009C7FBC /* EditItemView.swift */; };
		3A0C462C25D2FF68009C7FBC /* ItemRowView.swift in Sources */ = {isa = PBXBuildFile; fileRef = 3A0C462B25D2FF68009C7FBC /* ItemRowView.swift */; };
		3A0C462E25D301AD009C7FBC /* Binding-OnChange.swift in Sources */ = {isa = PBXBuildFile; fileRef = 3A0C462D25D301AD009C7FBC /* Binding-OnChange.swift */; };
		3A1ABE9E25E8006F00441C68 /* Localizable.strings in Resources */ = {isa = PBXBuildFile; fileRef = 3A1ABEA025E8006F00441C68 /* Localizable.strings */; };
		3A1ABEA225E8011800441C68 /* Localizable.stringsdict in Resources */ = {isa = PBXBuildFile; fileRef = 3A1ABEA425E8011800441C68 /* Localizable.stringsdict */; };
		3A1ABEA625E8047500441C68 /* Awards.json in Resources */ = {isa = PBXBuildFile; fileRef = 3A1ABEA825E8047500441C68 /* Awards.json */; };
		3A1F265625DF9D30000B2842 /* SelectSomethingView.swift in Sources */ = {isa = PBXBuildFile; fileRef = 3A1F265525DF9D30000B2842 /* SelectSomethingView.swift */; };
		3A1F265825DF9DE3000B2842 /* Bundle-Decodable.swift in Sources */ = {isa = PBXBuildFile; fileRef = 3A1F265725DF9DE3000B2842 /* Bundle-Decodable.swift */; };
		3A1F265C25DF9EA0000B2842 /* Award.swift in Sources */ = {isa = PBXBuildFile; fileRef = 3A1F265B25DF9EA0000B2842 /* Award.swift */; };
		3A1F265E25DF9EE6000B2842 /* AwardsView.swift in Sources */ = {isa = PBXBuildFile; fileRef = 3A1F265D25DF9EE6000B2842 /* AwardsView.swift */; };
		3A202E022618CFEE00CE92D4 /* ItemListView.swift in Sources */ = {isa = PBXBuildFile; fileRef = 3A202E012618CFEE00CE92D4 /* ItemListView.swift */; };
		3A202E042618D08000CE92D4 /* ProjectSummaryView.swift in Sources */ = {isa = PBXBuildFile; fileRef = 3A202E032618D08000CE92D4 /* ProjectSummaryView.swift */; };
		3A3D471D25D98B8C00406D81 /* ProjectHeaderView.swift in Sources */ = {isa = PBXBuildFile; fileRef = 3A3D471C25D98B8C00406D81 /* ProjectHeaderView.swift */; };
		3A3D471F25D9A2BC00406D81 /* Colors.xcassets in Resources */ = {isa = PBXBuildFile; fileRef = 3A3D471E25D9A2BC00406D81 /* Colors.xcassets */; };
		3A3D472125D9A37100406D81 /* EditProjectView.swift in Sources */ = {isa = PBXBuildFile; fileRef = 3A3D472025D9A37100406D81 /* EditProjectView.swift */; };
		3A6B2ACD2665466D00FD1DB3 /* AppDelegate.swift in Sources */ = {isa = PBXBuildFile; fileRef = 3A6B2ACC2665466D00FD1DB3 /* AppDelegate.swift */; };
		3A6B2ACF2665467400FD1DB3 /* SceneDelegate.swift in Sources */ = {isa = PBXBuildFile; fileRef = 3A6B2ACE2665467400FD1DB3 /* SceneDelegate.swift */; };
		3A7AEB112663DF8100076D85 /* UnlockManager.swift in Sources */ = {isa = PBXBuildFile; fileRef = 3A7AEB102663DF8100076D85 /* UnlockManager.swift */; };
		3A7AEB142663F10F00076D85 /* SKProduct-LocalizedPrice.swift in Sources */ = {isa = PBXBuildFile; fileRef = 3A7AEB132663F10F00076D85 /* SKProduct-LocalizedPrice.swift */; };
		3A7AEB162663F17100076D85 /* PurchaseButton.swift in Sources */ = {isa = PBXBuildFile; fileRef = 3A7AEB152663F17100076D85 /* PurchaseButton.swift */; };
		3A7AEB182663F4F900076D85 /* ProductView.swift in Sources */ = {isa = PBXBuildFile; fileRef = 3A7AEB172663F4F900076D85 /* ProductView.swift */; };
		3A7AEB1A2663F54800076D85 /* UnlockView.swift in Sources */ = {isa = PBXBuildFile; fileRef = 3A7AEB192663F54800076D85 /* UnlockView.swift */; };
		3A8585AC25E2F3CC004E901A /* Color+Additions.swift in Sources */ = {isa = PBXBuildFile; fileRef = 3A8585AB25E2F3CC004E901A /* Color+Additions.swift */; };
		3AB156D525D2A7840025CFFA /* ShinyApp.swift in Sources */ = {isa = PBXBuildFile; fileRef = 3AB156D425D2A7840025CFFA /* ShinyApp.swift */; };
		3AB156D725D2A7840025CFFA /* ContentView.swift in Sources */ = {isa = PBXBuildFile; fileRef = 3AB156D625D2A7840025CFFA /* ContentView.swift */; };
		3AB156D925D2A7850025CFFA /* Assets.xcassets in Resources */ = {isa = PBXBuildFile; fileRef = 3AB156D825D2A7850025CFFA /* Assets.xcassets */; };
		3AB156DC25D2A7850025CFFA /* Preview Assets.xcassets in Resources */ = {isa = PBXBuildFile; fileRef = 3AB156DB25D2A7850025CFFA /* Preview Assets.xcassets */; };
		3AB156E525D2AB7B0025CFFA /* Main.xcdatamodeld in Sources */ = {isa = PBXBuildFile; fileRef = 3AB156E325D2AB7B0025CFFA /* Main.xcdatamodeld */; };
		3AB156E725D2AE5F0025CFFA /* DataController.swift in Sources */ = {isa = PBXBuildFile; fileRef = 3AB156E625D2AE5F0025CFFA /* DataController.swift */; };
		3AB156EB25D2B5EB0025CFFA /* CloudKit.framework in Frameworks */ = {isa = PBXBuildFile; fileRef = 3AB156EA25D2B5EB0025CFFA /* CloudKit.framework */; };
		3AB156ED25D2B9DD0025CFFA /* HomeView.swift in Sources */ = {isa = PBXBuildFile; fileRef = 3AB156EC25D2B9DD0025CFFA /* HomeView.swift */; };
		3AB156EF25D2BA6E0025CFFA /* ProjectsView.swift in Sources */ = {isa = PBXBuildFile; fileRef = 3AB156EE25D2BA6E0025CFFA /* ProjectsView.swift */; };
		3AB156F125D2E5B50025CFFA /* Item+CoreDataHelpers.swift in Sources */ = {isa = PBXBuildFile; fileRef = 3AB156F025D2E5B50025CFFA /* Item+CoreDataHelpers.swift */; };
		3AB156F325D2E6030025CFFA /* Project+CoreDataHelpers.swift in Sources */ = {isa = PBXBuildFile; fileRef = 3AB156F225D2E6030025CFFA /* Project+CoreDataHelpers.swift */; };
		3AB5BA5C262E0331009DF450 /* ShinyTests.swift in Sources */ = {isa = PBXBuildFile; fileRef = 3AB5BA5B262E0331009DF450 /* ShinyTests.swift */; };
		3AB5BA64262E0463009DF450 /* AssetTests.swift in Sources */ = {isa = PBXBuildFile; fileRef = 3AB5BA63262E0463009DF450 /* AssetTests.swift */; };
		3AB5BA66262EB54B009DF450 /* ProjectTests.swift in Sources */ = {isa = PBXBuildFile; fileRef = 3AB5BA65262EB54B009DF450 /* ProjectTests.swift */; };
		3AB5BA68262EB7C4009DF450 /* AwardTests.swift in Sources */ = {isa = PBXBuildFile; fileRef = 3AB5BA67262EB7C4009DF450 /* AwardTests.swift */; };
		3AB5BA6A262EC25B009DF450 /* DevelopmentTests.swift in Sources */ = {isa = PBXBuildFile; fileRef = 3AB5BA69262EC25B009DF450 /* DevelopmentTests.swift */; };
		3AB5BA6E262EE947009DF450 /* ExtensionTests.swift in Sources */ = {isa = PBXBuildFile; fileRef = 3AB5BA6D262EE947009DF450 /* ExtensionTests.swift */; };
		3AB5BA76262EEAFD009DF450 /* DecodableDictionary.json in Resources */ = {isa = PBXBuildFile; fileRef = 3AB5BA6F262EEA69009DF450 /* DecodableDictionary.json */; };
		3AB5BA77262EEB02009DF450 /* DecodableString.json in Resources */ = {isa = PBXBuildFile; fileRef = 3AB5BA71262EEA89009DF450 /* DecodableString.json */; };
		3AB5BA79262EFE52009DF450 /* PerformanceTests.swift in Sources */ = {isa = PBXBuildFile; fileRef = 3AB5BA78262EFE52009DF450 /* PerformanceTests.swift */; };
		3AB5BA81262F00E0009DF450 /* ShinyUITests.swift in Sources */ = {isa = PBXBuildFile; fileRef = 3AB5BA80262F00E0009DF450 /* ShinyUITests.swift */; };
		3AB5BA89262F2809009DF450 /* ProjectsViewModel.swift in Sources */ = {isa = PBXBuildFile; fileRef = 3AB5BA88262F2809009DF450 /* ProjectsViewModel.swift */; };
		3AB5BA8B262F328B009DF450 /* HomeViewModel.swift in Sources */ = {isa = PBXBuildFile; fileRef = 3AB5BA8A262F328B009DF450 /* HomeViewModel.swift */; };
		3AB5BA8D262F37FB009DF450 /* ItemRowViewModel.swift in Sources */ = {isa = PBXBuildFile; fileRef = 3AB5BA8C262F37FB009DF450 /* ItemRowViewModel.swift */; };
/* End PBXBuildFile section */

/* Begin PBXContainerItemProxy section */
		3AB5BA5E262E0331009DF450 /* PBXContainerItemProxy */ = {
			isa = PBXContainerItemProxy;
			containerPortal = 3AB156C925D2A7840025CFFA /* Project object */;
			proxyType = 1;
			remoteGlobalIDString = 3AB156D025D2A7840025CFFA;
			remoteInfo = Shiny;
		};
		3AB5BA83262F00E0009DF450 /* PBXContainerItemProxy */ = {
			isa = PBXContainerItemProxy;
			containerPortal = 3AB156C925D2A7840025CFFA /* Project object */;
			proxyType = 1;
			remoteGlobalIDString = 3AB156D025D2A7840025CFFA;
			remoteInfo = Shiny;
		};
/* End PBXContainerItemProxy section */

/* Begin PBXFileReference section */
		3A0C462925D2F8CE009C7FBC /* EditItemView.swift */ = {isa = PBXFileReference; lastKnownFileType = sourcecode.swift; path = EditItemView.swift; sourceTree = "<group>"; };
		3A0C462B25D2FF68009C7FBC /* ItemRowView.swift */ = {isa = PBXFileReference; lastKnownFileType = sourcecode.swift; path = ItemRowView.swift; sourceTree = "<group>"; };
		3A0C462D25D301AD009C7FBC /* Binding-OnChange.swift */ = {isa = PBXFileReference; lastKnownFileType = sourcecode.swift; path = "Binding-OnChange.swift"; sourceTree = "<group>"; };
		3A1ABE9F25E8006F00441C68 /* en */ = {isa = PBXFileReference; lastKnownFileType = text.plist.strings; name = en; path = en.lproj/Localizable.strings; sourceTree = "<group>"; };
		3A1ABEA125E8007400441C68 /* ru */ = {isa = PBXFileReference; lastKnownFileType = text.plist.strings; name = ru; path = ru.lproj/Localizable.strings; sourceTree = "<group>"; };
		3A1ABEA325E8011800441C68 /* en */ = {isa = PBXFileReference; lastKnownFileType = text.plist.stringsdict; name = en; path = en.lproj/Localizable.stringsdict; sourceTree = "<group>"; };
		3A1ABEA525E8011B00441C68 /* ru */ = {isa = PBXFileReference; lastKnownFileType = text.plist.stringsdict; name = ru; path = ru.lproj/Localizable.stringsdict; sourceTree = "<group>"; };
		3A1ABEA725E8047500441C68 /* en */ = {isa = PBXFileReference; lastKnownFileType = text.json; name = en; path = en.lproj/Awards.json; sourceTree = "<group>"; };
		3A1ABEA925E8047900441C68 /* ru */ = {isa = PBXFileReference; lastKnownFileType = text.json; name = ru; path = ru.lproj/Awards.json; sourceTree = "<group>"; };
		3A1F265525DF9D30000B2842 /* SelectSomethingView.swift */ = {isa = PBXFileReference; lastKnownFileType = sourcecode.swift; path = SelectSomethingView.swift; sourceTree = "<group>"; };
		3A1F265725DF9DE3000B2842 /* Bundle-Decodable.swift */ = {isa = PBXFileReference; lastKnownFileType = sourcecode.swift; path = "Bundle-Decodable.swift"; sourceTree = "<group>"; };
		3A1F265B25DF9EA0000B2842 /* Award.swift */ = {isa = PBXFileReference; lastKnownFileType = sourcecode.swift; path = Award.swift; sourceTree = "<group>"; };
		3A1F265D25DF9EE6000B2842 /* AwardsView.swift */ = {isa = PBXFileReference; lastKnownFileType = sourcecode.swift; path = AwardsView.swift; sourceTree = "<group>"; };
		3A202E012618CFEE00CE92D4 /* ItemListView.swift */ = {isa = PBXFileReference; lastKnownFileType = sourcecode.swift; path = ItemListView.swift; sourceTree = "<group>"; };
		3A202E032618D08000CE92D4 /* ProjectSummaryView.swift */ = {isa = PBXFileReference; lastKnownFileType = sourcecode.swift; path = ProjectSummaryView.swift; sourceTree = "<group>"; };
		3A3D471C25D98B8C00406D81 /* ProjectHeaderView.swift */ = {isa = PBXFileReference; lastKnownFileType = sourcecode.swift; path = ProjectHeaderView.swift; sourceTree = "<group>"; };
		3A3D471E25D9A2BC00406D81 /* Colors.xcassets */ = {isa = PBXFileReference; lastKnownFileType = folder.assetcatalog; path = Colors.xcassets; sourceTree = "<group>"; };
		3A3D472025D9A37100406D81 /* EditProjectView.swift */ = {isa = PBXFileReference; lastKnownFileType = sourcecode.swift; path = EditProjectView.swift; sourceTree = "<group>"; };
		3A6B2ACC2665466D00FD1DB3 /* AppDelegate.swift */ = {isa = PBXFileReference; lastKnownFileType = sourcecode.swift; path = AppDelegate.swift; sourceTree = "<group>"; };
		3A6B2ACE2665467400FD1DB3 /* SceneDelegate.swift */ = {isa = PBXFileReference; lastKnownFileType = sourcecode.swift; path = SceneDelegate.swift; sourceTree = "<group>"; };
		3A7AEB102663DF8100076D85 /* UnlockManager.swift */ = {isa = PBXFileReference; lastKnownFileType = sourcecode.swift; path = UnlockManager.swift; sourceTree = "<group>"; };
		3A7AEB122663E12800076D85 /* Configuration.storekit */ = {isa = PBXFileReference; lastKnownFileType = text; path = Configuration.storekit; sourceTree = "<group>"; };
		3A7AEB132663F10F00076D85 /* SKProduct-LocalizedPrice.swift */ = {isa = PBXFileReference; lastKnownFileType = sourcecode.swift; path = "SKProduct-LocalizedPrice.swift"; sourceTree = "<group>"; };
		3A7AEB152663F17100076D85 /* PurchaseButton.swift */ = {isa = PBXFileReference; lastKnownFileType = sourcecode.swift; path = PurchaseButton.swift; sourceTree = "<group>"; };
		3A7AEB172663F4F900076D85 /* ProductView.swift */ = {isa = PBXFileReference; lastKnownFileType = sourcecode.swift; path = ProductView.swift; sourceTree = "<group>"; };
		3A7AEB192663F54800076D85 /* UnlockView.swift */ = {isa = PBXFileReference; lastKnownFileType = sourcecode.swift; path = UnlockView.swift; sourceTree = "<group>"; };
		3A8585AB25E2F3CC004E901A /* Color+Additions.swift */ = {isa = PBXFileReference; lastKnownFileType = sourcecode.swift; path = "Color+Additions.swift"; sourceTree = "<group>"; };
		3AB156D125D2A7840025CFFA /* Shiny.app */ = {isa = PBXFileReference; explicitFileType = wrapper.application; includeInIndex = 0; path = Shiny.app; sourceTree = BUILT_PRODUCTS_DIR; };
		3AB156D425D2A7840025CFFA /* ShinyApp.swift */ = {isa = PBXFileReference; lastKnownFileType = sourcecode.swift; path = ShinyApp.swift; sourceTree = "<group>"; };
		3AB156D625D2A7840025CFFA /* ContentView.swift */ = {isa = PBXFileReference; lastKnownFileType = sourcecode.swift; path = ContentView.swift; sourceTree = "<group>"; };
		3AB156D825D2A7850025CFFA /* Assets.xcassets */ = {isa = PBXFileReference; lastKnownFileType = folder.assetcatalog; path = Assets.xcassets; sourceTree = "<group>"; };
		3AB156DB25D2A7850025CFFA /* Preview Assets.xcassets */ = {isa = PBXFileReference; lastKnownFileType = folder.assetcatalog; path = "Preview Assets.xcassets"; sourceTree = "<group>"; };
		3AB156DD25D2A7850025CFFA /* Info.plist */ = {isa = PBXFileReference; lastKnownFileType = text.plist.xml; path = Info.plist; sourceTree = "<group>"; };
		3AB156E425D2AB7B0025CFFA /* Main.xcdatamodel */ = {isa = PBXFileReference; lastKnownFileType = wrapper.xcdatamodel; path = Main.xcdatamodel; sourceTree = "<group>"; };
		3AB156E625D2AE5F0025CFFA /* DataController.swift */ = {isa = PBXFileReference; lastKnownFileType = sourcecode.swift; path = DataController.swift; sourceTree = "<group>"; };
		3AB156E825D2B5D00025CFFA /* Shiny.entitlements */ = {isa = PBXFileReference; lastKnownFileType = text.plist.entitlements; path = Shiny.entitlements; sourceTree = "<group>"; };
		3AB156EA25D2B5EB0025CFFA /* CloudKit.framework */ = {isa = PBXFileReference; lastKnownFileType = wrapper.framework; name = CloudKit.framework; path = System/Library/Frameworks/CloudKit.framework; sourceTree = SDKROOT; };
		3AB156EC25D2B9DD0025CFFA /* HomeView.swift */ = {isa = PBXFileReference; lastKnownFileType = sourcecode.swift; path = HomeView.swift; sourceTree = "<group>"; };
		3AB156EE25D2BA6E0025CFFA /* ProjectsView.swift */ = {isa = PBXFileReference; lastKnownFileType = sourcecode.swift; path = ProjectsView.swift; sourceTree = "<group>"; };
		3AB156F025D2E5B50025CFFA /* Item+CoreDataHelpers.swift */ = {isa = PBXFileReference; lastKnownFileType = sourcecode.swift; path = "Item+CoreDataHelpers.swift"; sourceTree = "<group>"; };
		3AB156F225D2E6030025CFFA /* Project+CoreDataHelpers.swift */ = {isa = PBXFileReference; lastKnownFileType = sourcecode.swift; path = "Project+CoreDataHelpers.swift"; sourceTree = "<group>"; };
		3AB5BA59262E0331009DF450 /* ShinyTests.xctest */ = {isa = PBXFileReference; explicitFileType = wrapper.cfbundle; includeInIndex = 0; path = ShinyTests.xctest; sourceTree = BUILT_PRODUCTS_DIR; };
		3AB5BA5B262E0331009DF450 /* ShinyTests.swift */ = {isa = PBXFileReference; lastKnownFileType = sourcecode.swift; path = ShinyTests.swift; sourceTree = "<group>"; };
		3AB5BA5D262E0331009DF450 /* Info.plist */ = {isa = PBXFileReference; lastKnownFileType = text.plist.xml; path = Info.plist; sourceTree = "<group>"; };
		3AB5BA63262E0463009DF450 /* AssetTests.swift */ = {isa = PBXFileReference; lastKnownFileType = sourcecode.swift; path = AssetTests.swift; sourceTree = "<group>"; };
		3AB5BA65262EB54B009DF450 /* ProjectTests.swift */ = {isa = PBXFileReference; lastKnownFileType = sourcecode.swift; path = ProjectTests.swift; sourceTree = "<group>"; };
		3AB5BA67262EB7C4009DF450 /* AwardTests.swift */ = {isa = PBXFileReference; lastKnownFileType = sourcecode.swift; path = AwardTests.swift; sourceTree = "<group>"; };
		3AB5BA69262EC25B009DF450 /* DevelopmentTests.swift */ = {isa = PBXFileReference; lastKnownFileType = sourcecode.swift; path = DevelopmentTests.swift; sourceTree = "<group>"; };
		3AB5BA6D262EE947009DF450 /* ExtensionTests.swift */ = {isa = PBXFileReference; lastKnownFileType = sourcecode.swift; path = ExtensionTests.swift; sourceTree = "<group>"; };
		3AB5BA6F262EEA69009DF450 /* DecodableDictionary.json */ = {isa = PBXFileReference; lastKnownFileType = text.json; path = DecodableDictionary.json; sourceTree = "<group>"; };
		3AB5BA71262EEA89009DF450 /* DecodableString.json */ = {isa = PBXFileReference; lastKnownFileType = text.json; path = DecodableString.json; sourceTree = "<group>"; };
		3AB5BA78262EFE52009DF450 /* PerformanceTests.swift */ = {isa = PBXFileReference; lastKnownFileType = sourcecode.swift; path = PerformanceTests.swift; sourceTree = "<group>"; };
		3AB5BA7E262F00E0009DF450 /* ShinyUITests.xctest */ = {isa = PBXFileReference; explicitFileType = wrapper.cfbundle; includeInIndex = 0; path = ShinyUITests.xctest; sourceTree = BUILT_PRODUCTS_DIR; };
		3AB5BA80262F00E0009DF450 /* ShinyUITests.swift */ = {isa = PBXFileReference; lastKnownFileType = sourcecode.swift; path = ShinyUITests.swift; sourceTree = "<group>"; };
		3AB5BA82262F00E0009DF450 /* Info.plist */ = {isa = PBXFileReference; lastKnownFileType = text.plist.xml; path = Info.plist; sourceTree = "<group>"; };
		3AB5BA88262F2809009DF450 /* ProjectsViewModel.swift */ = {isa = PBXFileReference; lastKnownFileType = sourcecode.swift; path = ProjectsViewModel.swift; sourceTree = "<group>"; };
		3AB5BA8A262F328B009DF450 /* HomeViewModel.swift */ = {isa = PBXFileReference; lastKnownFileType = sourcecode.swift; path = HomeViewModel.swift; sourceTree = "<group>"; };
		3AB5BA8C262F37FB009DF450 /* ItemRowViewModel.swift */ = {isa = PBXFileReference; lastKnownFileType = sourcecode.swift; path = ItemRowViewModel.swift; sourceTree = "<group>"; };
/* End PBXFileReference section */

/* Begin PBXFrameworksBuildPhase section */
		3AB156CE25D2A7840025CFFA /* Frameworks */ = {
			isa = PBXFrameworksBuildPhase;
			buildActionMask = 2147483647;
			files = (
				3AB156EB25D2B5EB0025CFFA /* CloudKit.framework in Frameworks */,
			);
			runOnlyForDeploymentPostprocessing = 0;
		};
		3AB5BA56262E0331009DF450 /* Frameworks */ = {
			isa = PBXFrameworksBuildPhase;
			buildActionMask = 2147483647;
			files = (
			);
			runOnlyForDeploymentPostprocessing = 0;
		};
		3AB5BA7B262F00E0009DF450 /* Frameworks */ = {
			isa = PBXFrameworksBuildPhase;
			buildActionMask = 2147483647;
			files = (
			);
			runOnlyForDeploymentPostprocessing = 0;
		};
/* End PBXFrameworksBuildPhase section */

/* Begin PBXGroup section */
		3A7AEB1B2663F7EC00076D85 /* Unlock */ = {
			isa = PBXGroup;
			children = (
				3A7AEB102663DF8100076D85 /* UnlockManager.swift */,
				3A7AEB152663F17100076D85 /* PurchaseButton.swift */,
				3A7AEB172663F4F900076D85 /* ProductView.swift */,
				3A7AEB192663F54800076D85 /* UnlockView.swift */,
			);
			path = Unlock;
			sourceTree = "<group>";
		};
		3A7AEB1C2663F82200076D85 /* Extensions */ = {
			isa = PBXGroup;
			children = (
				3A7AEB132663F10F00076D85 /* SKProduct-LocalizedPrice.swift */,
			);
			path = Extensions;
			sourceTree = "<group>";
		};
		3A7AEB1D2663F82C00076D85 /* Configuration */ = {
			isa = PBXGroup;
			children = (
				3A7AEB122663E12800076D85 /* Configuration.storekit */,
			);
			path = Configuration;
			sourceTree = "<group>";
		};
		3AB156C825D2A7840025CFFA = {
			isa = PBXGroup;
			children = (
				3AB156D325D2A7840025CFFA /* Shiny */,
				3AB5BA5A262E0331009DF450 /* ShinyTests */,
				3AB5BA7F262F00E0009DF450 /* ShinyUITests */,
				3AB156D225D2A7840025CFFA /* Products */,
				3AB156E925D2B5EB0025CFFA /* Frameworks */,
			);
			sourceTree = "<group>";
		};
		3AB156D225D2A7840025CFFA /* Products */ = {
			isa = PBXGroup;
			children = (
				3AB156D125D2A7840025CFFA /* Shiny.app */,
				3AB5BA59262E0331009DF450 /* ShinyTests.xctest */,
				3AB5BA7E262F00E0009DF450 /* ShinyUITests.xctest */,
			);
			name = Products;
			sourceTree = "<group>";
		};
		3AB156D325D2A7840025CFFA /* Shiny */ = {
			isa = PBXGroup;
			children = (
				3AB156E825D2B5D00025CFFA /* Shiny.entitlements */,
				3AB156D425D2A7840025CFFA /* ShinyApp.swift */,
				3A6B2ACC2665466D00FD1DB3 /* AppDelegate.swift */,
				3A6B2ACE2665467400FD1DB3 /* SceneDelegate.swift */,
				3A7AEB1C2663F82200076D85 /* Extensions */,
				3A7AEB1D2663F82C00076D85 /* Configuration */,
				3AB5BA4F262DB03B009DF450 /* Activities */,
				3AB5BA4D262DAFF1009DF450 /* CoreData */,
				3AB5BA4C262DAFB1009DF450 /* Helpers */,
				3A1ABEA025E8006F00441C68 /* Localizable.strings */,
				3A1ABEA425E8011800441C68 /* Localizable.stringsdict */,
				3A3D471E25D9A2BC00406D81 /* Colors.xcassets */,
				3AB156D825D2A7850025CFFA /* Assets.xcassets */,
				3AB156DD25D2A7850025CFFA /* Info.plist */,
				3AB156DA25D2A7850025CFFA /* Preview Content */,
			);
			path = Shiny;
			sourceTree = "<group>";
		};
		3AB156DA25D2A7850025CFFA /* Preview Content */ = {
			isa = PBXGroup;
			children = (
				3AB156DB25D2A7850025CFFA /* Preview Assets.xcassets */,
			);
			path = "Preview Content";
			sourceTree = "<group>";
		};
		3AB156E925D2B5EB0025CFFA /* Frameworks */ = {
			isa = PBXGroup;
			children = (
				3AB156EA25D2B5EB0025CFFA /* CloudKit.framework */,
			);
			name = Frameworks;
			sourceTree = "<group>";
		};
		3AB5BA4C262DAFB1009DF450 /* Helpers */ = {
			isa = PBXGroup;
			children = (
				3A1F265725DF9DE3000B2842 /* Bundle-Decodable.swift */,
				3A0C462D25D301AD009C7FBC /* Binding-OnChange.swift */,
				3A8585AB25E2F3CC004E901A /* Color+Additions.swift */,
			);
			path = Helpers;
			sourceTree = "<group>";
		};
		3AB5BA4D262DAFF1009DF450 /* CoreData */ = {
			isa = PBXGroup;
			children = (
				3AB156E625D2AE5F0025CFFA /* DataController.swift */,
				3AB156E325D2AB7B0025CFFA /* Main.xcdatamodeld */,
				3AB156F025D2E5B50025CFFA /* Item+CoreDataHelpers.swift */,
				3AB156F225D2E6030025CFFA /* Project+CoreDataHelpers.swift */,
			);
			path = CoreData;
			sourceTree = "<group>";
		};
		3AB5BA4F262DB03B009DF450 /* Activities */ = {
			isa = PBXGroup;
			children = (
				3AB156D625D2A7840025CFFA /* ContentView.swift */,
				3AB5BA52262E0109009DF450 /* Home */,
				3AB5BA53262E0112009DF450 /* Projects */,
				3AB5BA54262E0117009DF450 /* Awards */,
				3A7AEB1B2663F7EC00076D85 /* Unlock */,
			);
			path = Activities;
			sourceTree = "<group>";
		};
		3AB5BA52262E0109009DF450 /* Home */ = {
			isa = PBXGroup;
			children = (
				3AB156EC25D2B9DD0025CFFA /* HomeView.swift */,
				3AB5BA8A262F328B009DF450 /* HomeViewModel.swift */,
				3A202E032618D08000CE92D4 /* ProjectSummaryView.swift */,
				3A202E012618CFEE00CE92D4 /* ItemListView.swift */,
			);
			path = Home;
			sourceTree = "<group>";
		};
		3AB5BA53262E0112009DF450 /* Projects */ = {
			isa = PBXGroup;
			children = (
				3AB156EE25D2BA6E0025CFFA /* ProjectsView.swift */,
				3AB5BA88262F2809009DF450 /* ProjectsViewModel.swift */,
				3A1F265525DF9D30000B2842 /* SelectSomethingView.swift */,
				3A0C462B25D2FF68009C7FBC /* ItemRowView.swift */,
				3AB5BA8C262F37FB009DF450 /* ItemRowViewModel.swift */,
				3A0C462925D2F8CE009C7FBC /* EditItemView.swift */,
				3A3D472025D9A37100406D81 /* EditProjectView.swift */,
				3A3D471C25D98B8C00406D81 /* ProjectHeaderView.swift */,
			);
			path = Projects;
			sourceTree = "<group>";
		};
		3AB5BA54262E0117009DF450 /* Awards */ = {
			isa = PBXGroup;
			children = (
				3A1F265D25DF9EE6000B2842 /* AwardsView.swift */,
				3A1ABEA825E8047500441C68 /* Awards.json */,
				3A1F265B25DF9EA0000B2842 /* Award.swift */,
			);
			path = Awards;
			sourceTree = "<group>";
		};
		3AB5BA5A262E0331009DF450 /* ShinyTests */ = {
			isa = PBXGroup;
			children = (
				3AB5BA74262EEAB1009DF450 /* Fixtures */,
				3AB5BA63262E0463009DF450 /* AssetTests.swift */,
				3AB5BA5B262E0331009DF450 /* ShinyTests.swift */,
				3AB5BA65262EB54B009DF450 /* ProjectTests.swift */,
				3AB5BA67262EB7C4009DF450 /* AwardTests.swift */,
				3AB5BA69262EC25B009DF450 /* DevelopmentTests.swift */,
				3AB5BA6D262EE947009DF450 /* ExtensionTests.swift */,
				3AB5BA78262EFE52009DF450 /* PerformanceTests.swift */,
				3AB5BA5D262E0331009DF450 /* Info.plist */,
			);
			path = ShinyTests;
			sourceTree = "<group>";
		};
		3AB5BA74262EEAB1009DF450 /* Fixtures */ = {
			isa = PBXGroup;
			children = (
				3AB5BA6F262EEA69009DF450 /* DecodableDictionary.json */,
				3AB5BA71262EEA89009DF450 /* DecodableString.json */,
			);
			path = Fixtures;
			sourceTree = "<group>";
		};
		3AB5BA7F262F00E0009DF450 /* ShinyUITests */ = {
			isa = PBXGroup;
			children = (
				3AB5BA80262F00E0009DF450 /* ShinyUITests.swift */,
				3AB5BA82262F00E0009DF450 /* Info.plist */,
			);
			path = ShinyUITests;
			sourceTree = "<group>";
		};
/* End PBXGroup section */

/* Begin PBXNativeTarget section */
		3AB156D025D2A7840025CFFA /* Shiny */ = {
			isa = PBXNativeTarget;
			buildConfigurationList = 3AB156E025D2A7850025CFFA /* Build configuration list for PBXNativeTarget "Shiny" */;
			buildPhases = (
				3AB156CD25D2A7840025CFFA /* Sources */,
				3AB156CE25D2A7840025CFFA /* Frameworks */,
				3AB156CF25D2A7840025CFFA /* Resources */,
				3AB5BA51262DB7F5009DF450 /* ShellScript */,
			);
			buildRules = (
			);
			dependencies = (
			);
			name = Shiny;
			productName = Shiny;
			productReference = 3AB156D125D2A7840025CFFA /* Shiny.app */;
			productType = "com.apple.product-type.application";
		};
		3AB5BA58262E0331009DF450 /* ShinyTests */ = {
			isa = PBXNativeTarget;
			buildConfigurationList = 3AB5BA60262E0331009DF450 /* Build configuration list for PBXNativeTarget "ShinyTests" */;
			buildPhases = (
				3AB5BA55262E0331009DF450 /* Sources */,
				3AB5BA56262E0331009DF450 /* Frameworks */,
				3AB5BA57262E0331009DF450 /* Resources */,
			);
			buildRules = (
			);
			dependencies = (
				3AB5BA5F262E0331009DF450 /* PBXTargetDependency */,
			);
			name = ShinyTests;
			productName = ShinyTests;
			productReference = 3AB5BA59262E0331009DF450 /* ShinyTests.xctest */;
			productType = "com.apple.product-type.bundle.unit-test";
		};
		3AB5BA7D262F00E0009DF450 /* ShinyUITests */ = {
			isa = PBXNativeTarget;
			buildConfigurationList = 3AB5BA85262F00E0009DF450 /* Build configuration list for PBXNativeTarget "ShinyUITests" */;
			buildPhases = (
				3AB5BA7A262F00E0009DF450 /* Sources */,
				3AB5BA7B262F00E0009DF450 /* Frameworks */,
				3AB5BA7C262F00E0009DF450 /* Resources */,
			);
			buildRules = (
			);
			dependencies = (
				3AB5BA84262F00E0009DF450 /* PBXTargetDependency */,
			);
			name = ShinyUITests;
			productName = ShinyUITests;
			productReference = 3AB5BA7E262F00E0009DF450 /* ShinyUITests.xctest */;
			productType = "com.apple.product-type.bundle.ui-testing";
		};
/* End PBXNativeTarget section */

/* Begin PBXProject section */
		3AB156C925D2A7840025CFFA /* Project object */ = {
			isa = PBXProject;
			attributes = {
				LastSwiftUpdateCheck = 1250;
				LastUpgradeCheck = 1250;
				TargetAttributes = {
					3AB156D025D2A7840025CFFA = {
						CreatedOnToolsVersion = 12.5;
					};
					3AB5BA58262E0331009DF450 = {
						CreatedOnToolsVersion = 12.5;
						TestTargetID = 3AB156D025D2A7840025CFFA;
					};
					3AB5BA7D262F00E0009DF450 = {
						CreatedOnToolsVersion = 12.5;
						TestTargetID = 3AB156D025D2A7840025CFFA;
					};
				};
			};
			buildConfigurationList = 3AB156CC25D2A7840025CFFA /* Build configuration list for PBXProject "Shiny" */;
			compatibilityVersion = "Xcode 9.3";
			developmentRegion = en;
			hasScannedForEncodings = 0;
			knownRegions = (
				en,
				Base,
				ru,
			);
			mainGroup = 3AB156C825D2A7840025CFFA;
			productRefGroup = 3AB156D225D2A7840025CFFA /* Products */;
			projectDirPath = "";
			projectRoot = "";
			targets = (
				3AB156D025D2A7840025CFFA /* Shiny */,
				3AB5BA58262E0331009DF450 /* ShinyTests */,
				3AB5BA7D262F00E0009DF450 /* ShinyUITests */,
			);
		};
/* End PBXProject section */

/* Begin PBXResourcesBuildPhase section */
		3AB156CF25D2A7840025CFFA /* Resources */ = {
			isa = PBXResourcesBuildPhase;
			buildActionMask = 2147483647;
			files = (
				3A1ABE9E25E8006F00441C68 /* Localizable.strings in Resources */,
				3A3D471F25D9A2BC00406D81 /* Colors.xcassets in Resources */,
				3A1ABEA625E8047500441C68 /* Awards.json in Resources */,
				3AB156DC25D2A7850025CFFA /* Preview Assets.xcassets in Resources */,
				3AB156D925D2A7850025CFFA /* Assets.xcassets in Resources */,
				3A1ABEA225E8011800441C68 /* Localizable.stringsdict in Resources */,
			);
			runOnlyForDeploymentPostprocessing = 0;
		};
		3AB5BA57262E0331009DF450 /* Resources */ = {
			isa = PBXResourcesBuildPhase;
			buildActionMask = 2147483647;
			files = (
				3AB5BA77262EEB02009DF450 /* DecodableString.json in Resources */,
				3AB5BA76262EEAFD009DF450 /* DecodableDictionary.json in Resources */,
			);
			runOnlyForDeploymentPostprocessing = 0;
		};
		3AB5BA7C262F00E0009DF450 /* Resources */ = {
			isa = PBXResourcesBuildPhase;
			buildActionMask = 2147483647;
			files = (
			);
			runOnlyForDeploymentPostprocessing = 0;
		};
/* End PBXResourcesBuildPhase section */

/* Begin PBXShellScriptBuildPhase section */
		3AB5BA51262DB7F5009DF450 /* ShellScript */ = {
			isa = PBXShellScriptBuildPhase;
			buildActionMask = 2147483647;
			files = (
			);
			inputFileListPaths = (
			);
			inputPaths = (
			);
			outputFileListPaths = (
			);
			outputPaths = (
			);
			runOnlyForDeploymentPostprocessing = 0;
			shellPath = /bin/sh;
			shellScript = "if which swiftlint >/dev/null; then\n  swiftlint\nelse\n  echo \"warning: SwiftLint not installed, download from https://github.com/realm/SwiftLint\"\nfi\n";
		};
/* End PBXShellScriptBuildPhase section */

/* Begin PBXSourcesBuildPhase section */
		3AB156CD25D2A7840025CFFA /* Sources */ = {
			isa = PBXSourcesBuildPhase;
			buildActionMask = 2147483647;
			files = (
				3AB156F325D2E6030025CFFA /* Project+CoreDataHelpers.swift in Sources */,
				3AB5BA8B262F328B009DF450 /* HomeViewModel.swift in Sources */,
				3A7AEB1A2663F54800076D85 /* UnlockView.swift in Sources */,
				3A3D471D25D98B8C00406D81 /* ProjectHeaderView.swift in Sources */,
				3A6B2ACD2665466D00FD1DB3 /* AppDelegate.swift in Sources */,
				3A6B2ACF2665467400FD1DB3 /* SceneDelegate.swift in Sources */,
				3A1F265825DF9DE3000B2842 /* Bundle-Decodable.swift in Sources */,
				3AB156EF25D2BA6E0025CFFA /* ProjectsView.swift in Sources */,
				3A7AEB112663DF8100076D85 /* UnlockManager.swift in Sources */,
				3A1F265625DF9D30000B2842 /* SelectSomethingView.swift in Sources */,
				3A202E022618CFEE00CE92D4 /* ItemListView.swift in Sources */,
				3A1F265C25DF9EA0000B2842 /* Award.swift in Sources */,
				3A7AEB142663F10F00076D85 /* SKProduct-LocalizedPrice.swift in Sources */,
				3A7AEB182663F4F900076D85 /* ProductView.swift in Sources */,
				3A1F265E25DF9EE6000B2842 /* AwardsView.swift in Sources */,
				3A8585AC25E2F3CC004E901A /* Color+Additions.swift in Sources */,
				3A7AEB162663F17100076D85 /* PurchaseButton.swift in Sources */,
				3AB156E525D2AB7B0025CFFA /* Main.xcdatamodeld in Sources */,
				3A3D472125D9A37100406D81 /* EditProjectView.swift in Sources */,
				3AB5BA8D262F37FB009DF450 /* ItemRowViewModel.swift in Sources */,
				3A202E042618D08000CE92D4 /* ProjectSummaryView.swift in Sources */,
				3AB156E725D2AE5F0025CFFA /* DataController.swift in Sources */,
				3A0C462C25D2FF68009C7FBC /* ItemRowView.swift in Sources */,
				3AB156D725D2A7840025CFFA /* ContentView.swift in Sources */,
				3A0C462E25D301AD009C7FBC /* Binding-OnChange.swift in Sources */,
				3AB5BA89262F2809009DF450 /* ProjectsViewModel.swift in Sources */,
				3AB156ED25D2B9DD0025CFFA /* HomeView.swift in Sources */,
				3AB156D525D2A7840025CFFA /* ShinyApp.swift in Sources */,
				3AB156F125D2E5B50025CFFA /* Item+CoreDataHelpers.swift in Sources */,
				3A0C462A25D2F8CE009C7FBC /* EditItemView.swift in Sources */,
			);
			runOnlyForDeploymentPostprocessing = 0;
		};
		3AB5BA55262E0331009DF450 /* Sources */ = {
			isa = PBXSourcesBuildPhase;
			buildActionMask = 2147483647;
			files = (
				3AB5BA79262EFE52009DF450 /* PerformanceTests.swift in Sources */,
				3AB5BA64262E0463009DF450 /* AssetTests.swift in Sources */,
				3AB5BA68262EB7C4009DF450 /* AwardTests.swift in Sources */,
				3AB5BA5C262E0331009DF450 /* ShinyTests.swift in Sources */,
				3AB5BA6E262EE947009DF450 /* ExtensionTests.swift in Sources */,
				3AB5BA66262EB54B009DF450 /* ProjectTests.swift in Sources */,
				3AB5BA6A262EC25B009DF450 /* DevelopmentTests.swift in Sources */,
			);
			runOnlyForDeploymentPostprocessing = 0;
		};
		3AB5BA7A262F00E0009DF450 /* Sources */ = {
			isa = PBXSourcesBuildPhase;
			buildActionMask = 2147483647;
			files = (
				3AB5BA81262F00E0009DF450 /* ShinyUITests.swift in Sources */,
			);
			runOnlyForDeploymentPostprocessing = 0;
		};
/* End PBXSourcesBuildPhase section */

/* Begin PBXTargetDependency section */
		3AB5BA5F262E0331009DF450 /* PBXTargetDependency */ = {
			isa = PBXTargetDependency;
			target = 3AB156D025D2A7840025CFFA /* Shiny */;
			targetProxy = 3AB5BA5E262E0331009DF450 /* PBXContainerItemProxy */;
		};
		3AB5BA84262F00E0009DF450 /* PBXTargetDependency */ = {
			isa = PBXTargetDependency;
			target = 3AB156D025D2A7840025CFFA /* Shiny */;
			targetProxy = 3AB5BA83262F00E0009DF450 /* PBXContainerItemProxy */;
		};
/* End PBXTargetDependency section */

/* Begin PBXVariantGroup section */
		3A1ABEA025E8006F00441C68 /* Localizable.strings */ = {
			isa = PBXVariantGroup;
			children = (
				3A1ABE9F25E8006F00441C68 /* en */,
				3A1ABEA125E8007400441C68 /* ru */,
			);
			name = Localizable.strings;
			sourceTree = "<group>";
		};
		3A1ABEA425E8011800441C68 /* Localizable.stringsdict */ = {
			isa = PBXVariantGroup;
			children = (
				3A1ABEA325E8011800441C68 /* en */,
				3A1ABEA525E8011B00441C68 /* ru */,
			);
			name = Localizable.stringsdict;
			sourceTree = "<group>";
		};
		3A1ABEA825E8047500441C68 /* Awards.json */ = {
			isa = PBXVariantGroup;
			children = (
				3A1ABEA725E8047500441C68 /* en */,
				3A1ABEA925E8047900441C68 /* ru */,
			);
			name = Awards.json;
			sourceTree = "<group>";
		};
/* End PBXVariantGroup section */

/* Begin XCBuildConfiguration section */
		3AB156DE25D2A7850025CFFA /* Debug */ = {
			isa = XCBuildConfiguration;
			buildSettings = {
				ALWAYS_SEARCH_USER_PATHS = NO;
				CLANG_ANALYZER_NONNULL = YES;
				CLANG_ANALYZER_NUMBER_OBJECT_CONVERSION = YES_AGGRESSIVE;
				CLANG_CXX_LANGUAGE_STANDARD = "gnu++14";
				CLANG_CXX_LIBRARY = "libc++";
				CLANG_ENABLE_MODULES = YES;
				CLANG_ENABLE_OBJC_ARC = YES;
				CLANG_ENABLE_OBJC_WEAK = YES;
				CLANG_WARN_BLOCK_CAPTURE_AUTORELEASING = YES;
				CLANG_WARN_BOOL_CONVERSION = YES;
				CLANG_WARN_COMMA = YES;
				CLANG_WARN_CONSTANT_CONVERSION = YES;
				CLANG_WARN_DEPRECATED_OBJC_IMPLEMENTATIONS = YES;
				CLANG_WARN_DIRECT_OBJC_ISA_USAGE = YES_ERROR;
				CLANG_WARN_DOCUMENTATION_COMMENTS = YES;
				CLANG_WARN_EMPTY_BODY = YES;
				CLANG_WARN_ENUM_CONVERSION = YES;
				CLANG_WARN_INFINITE_RECURSION = YES;
				CLANG_WARN_INT_CONVERSION = YES;
				CLANG_WARN_NON_LITERAL_NULL_CONVERSION = YES;
				CLANG_WARN_OBJC_IMPLICIT_RETAIN_SELF = YES;
				CLANG_WARN_OBJC_LITERAL_CONVERSION = YES;
				CLANG_WARN_OBJC_ROOT_CLASS = YES_ERROR;
				CLANG_WARN_QUOTED_INCLUDE_IN_FRAMEWORK_HEADER = YES;
				CLANG_WARN_RANGE_LOOP_ANALYSIS = YES;
				CLANG_WARN_STRICT_PROTOTYPES = YES;
				CLANG_WARN_SUSPICIOUS_MOVE = YES;
				CLANG_WARN_UNGUARDED_AVAILABILITY = YES_AGGRESSIVE;
				CLANG_WARN_UNREACHABLE_CODE = YES;
				CLANG_WARN__DUPLICATE_METHOD_MATCH = YES;
				COPY_PHASE_STRIP = NO;
				DEBUG_INFORMATION_FORMAT = dwarf;
				ENABLE_STRICT_OBJC_MSGSEND = YES;
				ENABLE_TESTABILITY = YES;
				GCC_C_LANGUAGE_STANDARD = gnu11;
				GCC_DYNAMIC_NO_PIC = NO;
				GCC_NO_COMMON_BLOCKS = YES;
				GCC_OPTIMIZATION_LEVEL = 0;
				GCC_PREPROCESSOR_DEFINITIONS = (
					"DEBUG=1",
					"$(inherited)",
				);
				GCC_WARN_64_TO_32_BIT_CONVERSION = YES;
				GCC_WARN_ABOUT_RETURN_TYPE = YES_ERROR;
				GCC_WARN_UNDECLARED_SELECTOR = YES;
				GCC_WARN_UNINITIALIZED_AUTOS = YES_AGGRESSIVE;
				GCC_WARN_UNUSED_FUNCTION = YES;
				GCC_WARN_UNUSED_VARIABLE = YES;
				IPHONEOS_DEPLOYMENT_TARGET = 14.5;
				MTL_ENABLE_DEBUG_INFO = INCLUDE_SOURCE;
				MTL_FAST_MATH = YES;
				ONLY_ACTIVE_ARCH = YES;
				SDKROOT = iphoneos;
				SWIFT_ACTIVE_COMPILATION_CONDITIONS = DEBUG;
				SWIFT_OPTIMIZATION_LEVEL = "-Onone";
			};
			name = Debug;
		};
		3AB156DF25D2A7850025CFFA /* Release */ = {
			isa = XCBuildConfiguration;
			buildSettings = {
				ALWAYS_SEARCH_USER_PATHS = NO;
				CLANG_ANALYZER_NONNULL = YES;
				CLANG_ANALYZER_NUMBER_OBJECT_CONVERSION = YES_AGGRESSIVE;
				CLANG_CXX_LANGUAGE_STANDARD = "gnu++14";
				CLANG_CXX_LIBRARY = "libc++";
				CLANG_ENABLE_MODULES = YES;
				CLANG_ENABLE_OBJC_ARC = YES;
				CLANG_ENABLE_OBJC_WEAK = YES;
				CLANG_WARN_BLOCK_CAPTURE_AUTORELEASING = YES;
				CLANG_WARN_BOOL_CONVERSION = YES;
				CLANG_WARN_COMMA = YES;
				CLANG_WARN_CONSTANT_CONVERSION = YES;
				CLANG_WARN_DEPRECATED_OBJC_IMPLEMENTATIONS = YES;
				CLANG_WARN_DIRECT_OBJC_ISA_USAGE = YES_ERROR;
				CLANG_WARN_DOCUMENTATION_COMMENTS = YES;
				CLANG_WARN_EMPTY_BODY = YES;
				CLANG_WARN_ENUM_CONVERSION = YES;
				CLANG_WARN_INFINITE_RECURSION = YES;
				CLANG_WARN_INT_CONVERSION = YES;
				CLANG_WARN_NON_LITERAL_NULL_CONVERSION = YES;
				CLANG_WARN_OBJC_IMPLICIT_RETAIN_SELF = YES;
				CLANG_WARN_OBJC_LITERAL_CONVERSION = YES;
				CLANG_WARN_OBJC_ROOT_CLASS = YES_ERROR;
				CLANG_WARN_QUOTED_INCLUDE_IN_FRAMEWORK_HEADER = YES;
				CLANG_WARN_RANGE_LOOP_ANALYSIS = YES;
				CLANG_WARN_STRICT_PROTOTYPES = YES;
				CLANG_WARN_SUSPICIOUS_MOVE = YES;
				CLANG_WARN_UNGUARDED_AVAILABILITY = YES_AGGRESSIVE;
				CLANG_WARN_UNREACHABLE_CODE = YES;
				CLANG_WARN__DUPLICATE_METHOD_MATCH = YES;
				COPY_PHASE_STRIP = NO;
				DEBUG_INFORMATION_FORMAT = "dwarf-with-dsym";
				ENABLE_NS_ASSERTIONS = NO;
				ENABLE_STRICT_OBJC_MSGSEND = YES;
				GCC_C_LANGUAGE_STANDARD = gnu11;
				GCC_NO_COMMON_BLOCKS = YES;
				GCC_WARN_64_TO_32_BIT_CONVERSION = YES;
				GCC_WARN_ABOUT_RETURN_TYPE = YES_ERROR;
				GCC_WARN_UNDECLARED_SELECTOR = YES;
				GCC_WARN_UNINITIALIZED_AUTOS = YES_AGGRESSIVE;
				GCC_WARN_UNUSED_FUNCTION = YES;
				GCC_WARN_UNUSED_VARIABLE = YES;
				IPHONEOS_DEPLOYMENT_TARGET = 14.5;
				MTL_ENABLE_DEBUG_INFO = NO;
				MTL_FAST_MATH = YES;
				SDKROOT = iphoneos;
				SWIFT_COMPILATION_MODE = wholemodule;
				SWIFT_OPTIMIZATION_LEVEL = "-O";
				VALIDATE_PRODUCT = YES;
			};
			name = Release;
		};
		3AB156E125D2A7850025CFFA /* Debug */ = {
			isa = XCBuildConfiguration;
			buildSettings = {
				ASSETCATALOG_COMPILER_APPICON_NAME = AppIcon;
				ASSETCATALOG_COMPILER_GLOBAL_ACCENT_COLOR_NAME = AccentColor;
				CODE_SIGN_ENTITLEMENTS = Shiny/Shiny.entitlements;
				CODE_SIGN_STYLE = Automatic;
				DEVELOPMENT_ASSET_PATHS = "\"Shiny/Preview Content\"";
				DEVELOPMENT_TEAM = 358V8FBM3U;
				ENABLE_PREVIEWS = YES;
				INFOPLIST_FILE = Shiny/Info.plist;
				IPHONEOS_DEPLOYMENT_TARGET = 14.0;
				LD_RUNPATH_SEARCH_PATHS = (
					"$(inherited)",
					"@executable_path/Frameworks",
				);
				PRODUCT_BUNDLE_IDENTIFIER = com.antonnovoselov.Shiny;
				PRODUCT_NAME = "$(TARGET_NAME)";
				SWIFT_VERSION = 5.0;
				TARGETED_DEVICE_FAMILY = "1,2";
			};
			name = Debug;
		};
		3AB156E225D2A7850025CFFA /* Release */ = {
			isa = XCBuildConfiguration;
			buildSettings = {
				ASSETCATALOG_COMPILER_APPICON_NAME = AppIcon;
				ASSETCATALOG_COMPILER_GLOBAL_ACCENT_COLOR_NAME = AccentColor;
				CODE_SIGN_ENTITLEMENTS = Shiny/Shiny.entitlements;
				CODE_SIGN_STYLE = Automatic;
				DEVELOPMENT_ASSET_PATHS = "\"Shiny/Preview Content\"";
				DEVELOPMENT_TEAM = 358V8FBM3U;
				ENABLE_PREVIEWS = YES;
				INFOPLIST_FILE = Shiny/Info.plist;
				IPHONEOS_DEPLOYMENT_TARGET = 14.0;
				LD_RUNPATH_SEARCH_PATHS = (
					"$(inherited)",
					"@executable_path/Frameworks",
				);
				PRODUCT_BUNDLE_IDENTIFIER = com.antonnovoselov.Shiny;
				PRODUCT_NAME = "$(TARGET_NAME)";
				SWIFT_VERSION = 5.0;
				TARGETED_DEVICE_FAMILY = "1,2";
			};
			name = Release;
		};
		3AB5BA61262E0331009DF450 /* Debug */ = {
			isa = XCBuildConfiguration;
			buildSettings = {
				BUNDLE_LOADER = "$(TEST_HOST)";
				CODE_SIGN_STYLE = Automatic;
				DEVELOPMENT_TEAM = 358V8FBM3U;
				INFOPLIST_FILE = ShinyTests/Info.plist;
				LD_RUNPATH_SEARCH_PATHS = (
					"$(inherited)",
					"@executable_path/Frameworks",
					"@loader_path/Frameworks",
				);
				PRODUCT_BUNDLE_IDENTIFIER = com.antonnovoselov.ShinyTests;
				PRODUCT_NAME = "$(TARGET_NAME)";
				SWIFT_VERSION = 5.0;
				TARGETED_DEVICE_FAMILY = "1,2";
				TEST_HOST = "$(BUILT_PRODUCTS_DIR)/Shiny.app/Shiny";
			};
			name = Debug;
		};
		3AB5BA62262E0331009DF450 /* Release */ = {
			isa = XCBuildConfiguration;
			buildSettings = {
				BUNDLE_LOADER = "$(TEST_HOST)";
				CODE_SIGN_STYLE = Automatic;
				DEVELOPMENT_TEAM = 358V8FBM3U;
				INFOPLIST_FILE = ShinyTests/Info.plist;
				LD_RUNPATH_SEARCH_PATHS = (
					"$(inherited)",
					"@executable_path/Frameworks",
					"@loader_path/Frameworks",
				);
				PRODUCT_BUNDLE_IDENTIFIER = com.antonnovoselov.ShinyTests;
				PRODUCT_NAME = "$(TARGET_NAME)";
				SWIFT_VERSION = 5.0;
				TARGETED_DEVICE_FAMILY = "1,2";
				TEST_HOST = "$(BUILT_PRODUCTS_DIR)/Shiny.app/Shiny";
			};
			name = Release;
		};
		3AB5BA86262F00E0009DF450 /* Debug */ = {
			isa = XCBuildConfiguration;
			buildSettings = {
				CODE_SIGN_STYLE = Automatic;
				DEVELOPMENT_TEAM = 358V8FBM3U;
				INFOPLIST_FILE = ShinyUITests/Info.plist;
				LD_RUNPATH_SEARCH_PATHS = (
					"$(inherited)",
					"@executable_path/Frameworks",
					"@loader_path/Frameworks",
				);
				PRODUCT_BUNDLE_IDENTIFIER = com.antonnovoselov.ShinyUITests;
				PRODUCT_NAME = "$(TARGET_NAME)";
				SWIFT_VERSION = 5.0;
				TARGETED_DEVICE_FAMILY = "1,2";
				TEST_TARGET_NAME = Shiny;
			};
			name = Debug;
		};
		3AB5BA87262F00E0009DF450 /* Release */ = {
			isa = XCBuildConfiguration;
			buildSettings = {
				CODE_SIGN_STYLE = Automatic;
				DEVELOPMENT_TEAM = 358V8FBM3U;
				INFOPLIST_FILE = ShinyUITests/Info.plist;
				LD_RUNPATH_SEARCH_PATHS = (
					"$(inherited)",
					"@executable_path/Frameworks",
					"@loader_path/Frameworks",
				);
				PRODUCT_BUNDLE_IDENTIFIER = com.antonnovoselov.ShinyUITests;
				PRODUCT_NAME = "$(TARGET_NAME)";
				SWIFT_VERSION = 5.0;
				TARGETED_DEVICE_FAMILY = "1,2";
				TEST_TARGET_NAME = Shiny;
			};
			name = Release;
		};
/* End XCBuildConfiguration section */

/* Begin XCConfigurationList section */
		3AB156CC25D2A7840025CFFA /* Build configuration list for PBXProject "Shiny" */ = {
			isa = XCConfigurationList;
			buildConfigurations = (
				3AB156DE25D2A7850025CFFA /* Debug */,
				3AB156DF25D2A7850025CFFA /* Release */,
			);
			defaultConfigurationIsVisible = 0;
			defaultConfigurationName = Release;
		};
		3AB156E025D2A7850025CFFA /* Build configuration list for PBXNativeTarget "Shiny" */ = {
			isa = XCConfigurationList;
			buildConfigurations = (
				3AB156E125D2A7850025CFFA /* Debug */,
				3AB156E225D2A7850025CFFA /* Release */,
			);
			defaultConfigurationIsVisible = 0;
			defaultConfigurationName = Release;
		};
		3AB5BA60262E0331009DF450 /* Build configuration list for PBXNativeTarget "ShinyTests" */ = {
			isa = XCConfigurationList;
			buildConfigurations = (
				3AB5BA61262E0331009DF450 /* Debug */,
				3AB5BA62262E0331009DF450 /* Release */,
			);
			defaultConfigurationIsVisible = 0;
			defaultConfigurationName = Release;
		};
		3AB5BA85262F00E0009DF450 /* Build configuration list for PBXNativeTarget "ShinyUITests" */ = {
			isa = XCConfigurationList;
			buildConfigurations = (
				3AB5BA86262F00E0009DF450 /* Debug */,
				3AB5BA87262F00E0009DF450 /* Release */,
			);
			defaultConfigurationIsVisible = 0;
			defaultConfigurationName = Release;
		};
/* End XCConfigurationList section */

/* Begin XCVersionGroup section */
		3AB156E325D2AB7B0025CFFA /* Main.xcdatamodeld */ = {
			isa = XCVersionGroup;
			children = (
				3AB156E425D2AB7B0025CFFA /* Main.xcdatamodel */,
			);
			currentVersion = 3AB156E425D2AB7B0025CFFA /* Main.xcdatamodel */;
			path = Main.xcdatamodeld;
			sourceTree = "<group>";
			versionGroupType = wrapper.xcdatamodel;
		};
/* End XCVersionGroup section */
	};
	rootObject = 3AB156C925D2A7840025CFFA /* Project object */;
}
